// !$*UTF8*$!
{
	archiveVersion = 1;
	classes = {
	};
	objectVersion = 50;
	objects = {

/* Begin PBXBuildFile section */
		8555AD852371EB4400935856 /* AppDelegate.swift in Sources */ = {isa = PBXBuildFile; fileRef = 8555AD842371EB4400935856 /* AppDelegate.swift */; };
		8555AD872371EB4400935856 /* SceneDelegate.swift in Sources */ = {isa = PBXBuildFile; fileRef = 8555AD862371EB4400935856 /* SceneDelegate.swift */; };
		8555AD8C2371EB4400935856 /* Main.storyboard in Resources */ = {isa = PBXBuildFile; fileRef = 8555AD8A2371EB4400935856 /* Main.storyboard */; };
		8555AD8E2371EB4500935856 /* Assets.xcassets in Resources */ = {isa = PBXBuildFile; fileRef = 8555AD8D2371EB4500935856 /* Assets.xcassets */; };
		8555AD912371EB4500935856 /* LaunchScreen.storyboard in Resources */ = {isa = PBXBuildFile; fileRef = 8555AD8F2371EB4500935856 /* LaunchScreen.storyboard */; };
/* End PBXBuildFile section */

/* Begin PBXFileReference section */
		8555AD812371EB4400935856 /* GroupShowcase.app */ = {isa = PBXFileReference; explicitFileType = wrapper.application; includeInIndex = 0; path = GroupShowcase.app; sourceTree = BUILT_PRODUCTS_DIR; };
		8555AD842371EB4400935856 /* AppDelegate.swift */ = {isa = PBXFileReference; lastKnownFileType = sourcecode.swift; path = AppDelegate.swift; sourceTree = "<group>"; };
		8555AD862371EB4400935856 /* SceneDelegate.swift */ = {isa = PBXFileReference; lastKnownFileType = sourcecode.swift; path = SceneDelegate.swift; sourceTree = "<group>"; };
		8555AD8B2371EB4400935856 /* Base */ = {isa = PBXFileReference; lastKnownFileType = file.storyboard; name = Base; path = Base.lproj/Main.storyboard; sourceTree = "<group>"; };
		8555AD8D2371EB4500935856 /* Assets.xcassets */ = {isa = PBXFileReference; lastKnownFileType = folder.assetcatalog; path = Assets.xcassets; sourceTree = "<group>"; };
		8555AD902371EB4500935856 /* Base */ = {isa = PBXFileReference; lastKnownFileType = file.storyboard; name = Base; path = Base.lproj/LaunchScreen.storyboard; sourceTree = "<group>"; };
		8555AD922371EB4500935856 /* Info.plist */ = {isa = PBXFileReference; lastKnownFileType = text.plist.xml; path = Info.plist; sourceTree = "<group>"; };
/* End PBXFileReference section */

/* Begin PBXFrameworksBuildPhase section */
		8555AD7E2371EB4400935856 /* Frameworks */ = {
			isa = PBXFrameworksBuildPhase;
			buildActionMask = 2147483647;
			files = (
			);
			runOnlyForDeploymentPostprocessing = 0;
		};
/* End PBXFrameworksBuildPhase section */

/* Begin PBXGroup section */
		8555AD782371EB4400935856 = {
			isa = PBXGroup;
			children = (
				8555AD832371EB4400935856 /* GroupShowcase */,
				8555AD822371EB4400935856 /* Products */,
			);
			sourceTree = "<group>";
		};
		8555AD822371EB4400935856 /* Products */ = {
			isa = PBXGroup;
			children = (
				8555AD812371EB4400935856 /* GroupShowcase.app */,
			);
			name = Products;
			sourceTree = "<group>";
		};
		8555AD832371EB4400935856 /* GroupShowcase */ = {
			isa = PBXGroup;
			children = (
				8555AD992371EB6300935856 /* Models */,
				8555AD9A2371EB7300935856 /* Controllers */,
				8555AD9B2371EB7E00935856 /* Views */,
				8555AD982371EB5400935856 /* Resources */,
			);
			path = GroupShowcase;
			sourceTree = "<group>";
		};
		8555AD982371EB5400935856 /* Resources */ = {
			isa = PBXGroup;
			children = (
				8555AD842371EB4400935856 /* AppDelegate.swift */,
				8555AD862371EB4400935856 /* SceneDelegate.swift */,
				8555AD8D2371EB4500935856 /* Assets.xcassets */,
				8555AD8F2371EB4500935856 /* LaunchScreen.storyboard */,
				8555AD922371EB4500935856 /* Info.plist */,
			);
			path = Resources;
			sourceTree = "<group>";
		};
		8555AD992371EB6300935856 /* Models */ = {
			isa = PBXGroup;
			children = (
			);
			path = Models;
			sourceTree = "<group>";
		};
		8555AD9A2371EB7300935856 /* Controllers */ = {
			isa = PBXGroup;
			children = (
				8555AD9D2371EB9500935856 /* View Controllers */,
				8555AD9C2371EB8F00935856 /* Model Controllers */,
			);
			path = Controllers;
			sourceTree = "<group>";
		};
		8555AD9B2371EB7E00935856 /* Views */ = {
			isa = PBXGroup;
			children = (
				8555AD8A2371EB4400935856 /* Main.storyboard */,
			);
			path = Views;
			sourceTree = "<group>";
		};
		8555AD9C2371EB8F00935856 /* Model Controllers */ = {
			isa = PBXGroup;
			children = (
			);
			path = "Model Controllers";
			sourceTree = "<group>";
		};
		8555AD9D2371EB9500935856 /* View Controllers */ = {
			isa = PBXGroup;
			children = (
			);
			path = "View Controllers";
			sourceTree = "<group>";
		};
/* End PBXGroup section */

/* Begin PBXNativeTarget section */
		8555AD802371EB4400935856 /* GroupShowcase */ = {
			isa = PBXNativeTarget;
			buildConfigurationList = 8555AD952371EB4500935856 /* Build configuration list for PBXNativeTarget "GroupShowcase" */;
			buildPhases = (
				8555AD7D2371EB4400935856 /* Sources */,
				8555AD7E2371EB4400935856 /* Frameworks */,
				8555AD7F2371EB4400935856 /* Resources */,
			);
			buildRules = (
			);
			dependencies = (
			);
			name = GroupShowcase;
			productName = GroupShowcase;
			productReference = 8555AD812371EB4400935856 /* GroupShowcase.app */;
			productType = "com.apple.product-type.application";
		};
/* End PBXNativeTarget section */

/* Begin PBXProject section */
		8555AD792371EB4400935856 /* Project object */ = {
			isa = PBXProject;
			attributes = {
				LastSwiftUpdateCheck = 1120;
				LastUpgradeCheck = 1120;
				ORGANIZATIONNAME = "Zebadiah Watson";
				TargetAttributes = {
					8555AD802371EB4400935856 = {
						CreatedOnToolsVersion = 11.2;
					};
				};
			};
			buildConfigurationList = 8555AD7C2371EB4400935856 /* Build configuration list for PBXProject "GroupShowcase" */;
			compatibilityVersion = "Xcode 9.3";
			developmentRegion = en;
			hasScannedForEncodings = 0;
			knownRegions = (
				en,
				Base,
			);
			mainGroup = 8555AD782371EB4400935856;
			productRefGroup = 8555AD822371EB4400935856 /* Products */;
			projectDirPath = "";
			projectRoot = "";
			targets = (
				8555AD802371EB4400935856 /* GroupShowcase */,
			);
		};
/* End PBXProject section */

/* Begin PBXResourcesBuildPhase section */
		8555AD7F2371EB4400935856 /* Resources */ = {
			isa = PBXResourcesBuildPhase;
			buildActionMask = 2147483647;
			files = (
				8555AD912371EB4500935856 /* LaunchScreen.storyboard in Resources */,
				8555AD8E2371EB4500935856 /* Assets.xcassets in Resources */,
				8555AD8C2371EB4400935856 /* Main.storyboard in Resources */,
			);
			runOnlyForDeploymentPostprocessing = 0;
		};
/* End PBXResourcesBuildPhase section */

/* Begin PBXSourcesBuildPhase section */
		8555AD7D2371EB4400935856 /* Sources */ = {
			isa = PBXSourcesBuildPhase;
			buildActionMask = 2147483647;
			files = (
				8555AD852371EB4400935856 /* AppDelegate.swift in Sources */,
				8555AD872371EB4400935856 /* SceneDelegate.swift in Sources */,
			);
			runOnlyForDeploymentPostprocessing = 0;
		};
/* End PBXSourcesBuildPhase section */

/* Begin PBXVariantGroup section */
		8555AD8A2371EB4400935856 /* Main.storyboard */ = {
			isa = PBXVariantGroup;
			children = (
				8555AD8B2371EB4400935856 /* Base */,
			);
			name = Main.storyboard;
			sourceTree = "<group>";
		};
		8555AD8F2371EB4500935856 /* LaunchScreen.storyboard */ = {
			isa = PBXVariantGroup;
			children = (
				8555AD902371EB4500935856 /* Base */,
			);
			name = LaunchScreen.storyboard;
			sourceTree = "<group>";
		};
/* End PBXVariantGroup section */

/* Begin XCBuildConfiguration section */
		8555AD932371EB4500935856 /* Debug */ = {
			isa = XCBuildConfiguration;
			buildSettings = {
				ALWAYS_SEARCH_USER_PATHS = NO;
				CLANG_ANALYZER_NONNULL = YES;
				CLANG_ANALYZER_NUMBER_OBJECT_CONVERSION = YES_AGGRESSIVE;
				CLANG_CXX_LANGUAGE_STANDARD = "gnu++14";
				CLANG_CXX_LIBRARY = "libc++";
				CLANG_ENABLE_MODULES = YES;
				CLANG_ENABLE_OBJC_ARC = YES;
				CLANG_ENABLE_OBJC_WEAK = YES;
				CLANG_WARN_BLOCK_CAPTURE_AUTORELEASING = YES;
				CLANG_WARN_BOOL_CONVERSION = YES;
				CLANG_WARN_COMMA = YES;
				CLANG_WARN_CONSTANT_CONVERSION = YES;
				CLANG_WARN_DEPRECATED_OBJC_IMPLEMENTATIONS = YES;
				CLANG_WARN_DIRECT_OBJC_ISA_USAGE = YES_ERROR;
				CLANG_WARN_DOCUMENTATION_COMMENTS = YES;
				CLANG_WARN_EMPTY_BODY = YES;
				CLANG_WARN_ENUM_CONVERSION = YES;
				CLANG_WARN_INFINITE_RECURSION = YES;
				CLANG_WARN_INT_CONVERSION = YES;
				CLANG_WARN_NON_LITERAL_NULL_CONVERSION = YES;
				CLANG_WARN_OBJC_IMPLICIT_RETAIN_SELF = YES;
				CLANG_WARN_OBJC_LITERAL_CONVERSION = YES;
				CLANG_WARN_OBJC_ROOT_CLASS = YES_ERROR;
				CLANG_WARN_RANGE_LOOP_ANALYSIS = YES;
				CLANG_WARN_STRICT_PROTOTYPES = YES;
				CLANG_WARN_SUSPICIOUS_MOVE = YES;
				CLANG_WARN_UNGUARDED_AVAILABILITY = YES_AGGRESSIVE;
				CLANG_WARN_UNREACHABLE_CODE = YES;
				CLANG_WARN__DUPLICATE_METHOD_MATCH = YES;
				COPY_PHASE_STRIP = NO;
				DEBUG_INFORMATION_FORMAT = dwarf;
				ENABLE_STRICT_OBJC_MSGSEND = YES;
				ENABLE_TESTABILITY = YES;
				GCC_C_LANGUAGE_STANDARD = gnu11;
				GCC_DYNAMIC_NO_PIC = NO;
				GCC_NO_COMMON_BLOCKS = YES;
				GCC_OPTIMIZATION_LEVEL = 0;
				GCC_PREPROCESSOR_DEFINITIONS = (
					"DEBUG=1",
					"$(inherited)",
				);
				GCC_WARN_64_TO_32_BIT_CONVERSION = YES;
				GCC_WARN_ABOUT_RETURN_TYPE = YES_ERROR;
				GCC_WARN_UNDECLARED_SELECTOR = YES;
				GCC_WARN_UNINITIALIZED_AUTOS = YES_AGGRESSIVE;
				GCC_WARN_UNUSED_FUNCTION = YES;
				GCC_WARN_UNUSED_VARIABLE = YES;
				IPHONEOS_DEPLOYMENT_TARGET = 13.2;
				MTL_ENABLE_DEBUG_INFO = INCLUDE_SOURCE;
				MTL_FAST_MATH = YES;
				ONLY_ACTIVE_ARCH = YES;
				SDKROOT = iphoneos;
				SWIFT_ACTIVE_COMPILATION_CONDITIONS = DEBUG;
				SWIFT_OPTIMIZATION_LEVEL = "-Onone";
			};
			name = Debug;
		};
		8555AD942371EB4500935856 /* Release */ = {
			isa = XCBuildConfiguration;
			buildSettings = {
				ALWAYS_SEARCH_USER_PATHS = NO;
				CLANG_ANALYZER_NONNULL = YES;
				CLANG_ANALYZER_NUMBER_OBJECT_CONVERSION = YES_AGGRESSIVE;
				CLANG_CXX_LANGUAGE_STANDARD = "gnu++14";
				CLANG_CXX_LIBRARY = "libc++";
				CLANG_ENABLE_MODULES = YES;
				CLANG_ENABLE_OBJC_ARC = YES;
				CLANG_ENABLE_OBJC_WEAK = YES;
				CLANG_WARN_BLOCK_CAPTURE_AUTORELEASING = YES;
				CLANG_WARN_BOOL_CONVERSION = YES;
				CLANG_WARN_COMMA = YES;
				CLANG_WARN_CONSTANT_CONVERSION = YES;
				CLANG_WARN_DEPRECATED_OBJC_IMPLEMENTATIONS = YES;
				CLANG_WARN_DIRECT_OBJC_ISA_USAGE = YES_ERROR;
				CLANG_WARN_DOCUMENTATION_COMMENTS = YES;
				CLANG_WARN_EMPTY_BODY = YES;
				CLANG_WARN_ENUM_CONVERSION = YES;
				CLANG_WARN_INFINITE_RECURSION = YES;
				CLANG_WARN_INT_CONVERSION = YES;
				CLANG_WARN_NON_LITERAL_NULL_CONVERSION = YES;
				CLANG_WARN_OBJC_IMPLICIT_RETAIN_SELF = YES;
				CLANG_WARN_OBJC_LITERAL_CONVERSION = YES;
				CLANG_WARN_OBJC_ROOT_CLASS = YES_ERROR;
				CLANG_WARN_RANGE_LOOP_ANALYSIS = YES;
				CLANG_WARN_STRICT_PROTOTYPES = YES;
				CLANG_WARN_SUSPICIOUS_MOVE = YES;
				CLANG_WARN_UNGUARDED_AVAILABILITY = YES_AGGRESSIVE;
				CLANG_WARN_UNREACHABLE_CODE = YES;
				CLANG_WARN__DUPLICATE_METHOD_MATCH = YES;
				COPY_PHASE_STRIP = NO;
				DEBUG_INFORMATION_FORMAT = "dwarf-with-dsym";
				ENABLE_NS_ASSERTIONS = NO;
				ENABLE_STRICT_OBJC_MSGSEND = YES;
				GCC_C_LANGUAGE_STANDARD = gnu11;
				GCC_NO_COMMON_BLOCKS = YES;
				GCC_WARN_64_TO_32_BIT_CONVERSION = YES;
				GCC_WARN_ABOUT_RETURN_TYPE = YES_ERROR;
				GCC_WARN_UNDECLARED_SELECTOR = YES;
				GCC_WARN_UNINITIALIZED_AUTOS = YES_AGGRESSIVE;
				GCC_WARN_UNUSED_FUNCTION = YES;
				GCC_WARN_UNUSED_VARIABLE = YES;
				IPHONEOS_DEPLOYMENT_TARGET = 13.2;
				MTL_ENABLE_DEBUG_INFO = NO;
				MTL_FAST_MATH = YES;
				SDKROOT = iphoneos;
				SWIFT_COMPILATION_MODE = wholemodule;
				SWIFT_OPTIMIZATION_LEVEL = "-O";
				VALIDATE_PRODUCT = YES;
			};
			name = Release;
		};
		8555AD962371EB4500935856 /* Debug */ = {
			isa = XCBuildConfiguration;
			buildSettings = {
				ASSETCATALOG_COMPILER_APPICON_NAME = AppIcon;
				CODE_SIGN_STYLE = Automatic;
				DEVELOPMENT_TEAM = GQHR9QPNK6;
				INFOPLIST_FILE = GroupShowcase/Info.plist;
				LD_RUNPATH_SEARCH_PATHS = (
					"$(inherited)",
					"@executable_path/Frameworks",
				);
				PRODUCT_BUNDLE_IDENTIFIER = me.GroupShowcase;
				PRODUCT_NAME = "$(TARGET_NAME)";
				SWIFT_VERSION = 5.0;
				TARGETED_DEVICE_FAMILY = "1,2";
			};
			name = Debug;
		};
		8555AD972371EB4500935856 /* Release */ = {
			isa = XCBuildConfiguration;
			buildSettings = {
				ASSETCATALOG_COMPILER_APPICON_NAME = AppIcon;
				CODE_SIGN_STYLE = Automatic;
				DEVELOPMENT_TEAM = GQHR9QPNK6;
				INFOPLIST_FILE = GroupShowcase/Info.plist;
				LD_RUNPATH_SEARCH_PATHS = (
					"$(inherited)",
					"@executable_path/Frameworks",
				);
				PRODUCT_BUNDLE_IDENTIFIER = me.GroupShowcase;
				PRODUCT_NAME = "$(TARGET_NAME)";
				SWIFT_VERSION = 5.0;
				TARGETED_DEVICE_FAMILY = "1,2";
			};
			name = Release;
		};
/* End XCBuildConfiguration section */

/* Begin XCConfigurationList section */
		8555AD7C2371EB4400935856 /* Build configuration list for PBXProject "GroupShowcase" */ = {
			isa = XCConfigurationList;
			buildConfigurations = (
				8555AD932371EB4500935856 /* Debug */,
				8555AD942371EB4500935856 /* Release */,
			);
			defaultConfigurationIsVisible = 0;
			defaultConfigurationName = Release;
		};
		8555AD952371EB4500935856 /* Build configuration list for PBXNativeTarget "GroupShowcase" */ = {
			isa = XCConfigurationList;
			buildConfigurations = (
				8555AD962371EB4500935856 /* Debug */,
				8555AD972371EB4500935856 /* Release */,
			);
			defaultConfigurationIsVisible = 0;
			defaultConfigurationName = Release;
		};
/* End XCConfigurationList section */
	};
	rootObject = 8555AD792371EB4400935856 /* Project object */;
}
